
Microsoft Visual Studio Solution File, Format Version 12.00
# Visual Studio Version 16
VisualStudioVersion = 16.0.30517.126
MinimumVisualStudioVersion = 10.0.40219.1
Project("{8BC9CEB8-8B4A-11D0-8D11-00A0C91BC942}") = "lab02222", "lab02222\lab02222.vcxproj", "{3FBB482D-2194-4CDB-8510-AA3752364ED3}"
EndProject
Global
	GlobalSection(SolutionConfigurationPlatforms) = preSolution
		Debug|x64 = Debug|x64
		Debug|x86 = Debug|x86
		Release|x64 = Release|x64
		Release|x86 = Release|x86
	EndGlobalSection
	GlobalSection(ProjectConfigurationPlatforms) = postSolution
		{3FBB482D-2194-4CDB-8510-AA3752364ED3}.Debug|x64.ActiveCfg = Debug|x64
		{3FBB482D-2194-4CDB-8510-AA3752364ED3}.Debug|x64.Build.0 = Debug|x64
		{3FBB482D-2194-4CDB-8510-AA3752364ED3}.Debug|x86.ActiveCfg = Debug|Win32
		{3FBB482D-2194-4CDB-8510-AA3752364ED3}.Debug|x86.Build.0 = Debug|Win32
		{3FBB482D-2194-4CDB-8510-AA3752364ED3}.Release|x64.ActiveCfg = Release|x64
		{3FBB482D-2194-4CDB-8510-AA3752364ED3}.Release|x64.Build.0 = Release|x64
		{3FBB482D-2194-4CDB-8510-AA3752364ED3}.Release|x86.ActiveCfg = Release|Win32
		{3FBB482D-2194-4CDB-8510-AA3752364ED3}.Release|x86.Build.0 = Release|Win32
	EndGlobalSection
	GlobalSection(SolutionProperties) = preSolution
		HideSolutionNode = FALSE
	EndGlobalSection
	GlobalSection(ExtensibilityGlobals) = postSolution
		SolutionGuid = {F58409DC-1BEA-4964-BC08-9A07AABB175D}
	EndGlobalSection
EndGlobal
